// !$*UTF8*$!
{
	archiveVersion = 1;
	classes = {
	};
	objectVersion = 46;
	objects = {

/* Begin PBXBuildFile section */
		B52B18FC1F4D255B004FE56B /* MondrianCLI.h in Headers */ = {isa = PBXBuildFile; fileRef = B52B18FA1F4D255B004FE56B /* MondrianCLI.h */; settings = {ATTRIBUTES = (Public, ); }; };
		B52B190B1F4D26DE004FE56B /* README.md in Resources */ = {isa = PBXBuildFile; fileRef = B52B19041F4D26DE004FE56B /* README.md */; };
		B52B190E1F4D26DE004FE56B /* main.swift in Sources */ = {isa = PBXBuildFile; fileRef = B52B190A1F4D26DE004FE56B /* main.swift */; };
		B52B19181F4D285C004FE56B /* CLI.swift in Sources */ = {isa = PBXBuildFile; fileRef = B52B19171F4D285C004FE56B /* CLI.swift */; };
		B54567CF1D83A22F00C9109D /* Mondrian.framework in Frameworks */ = {isa = PBXBuildFile; fileRef = B54567C51D83A22F00C9109D /* Mondrian.framework */; };
		B54567D41D83A22F00C9109D /* MondrianTests.swift in Sources */ = {isa = PBXBuildFile; fileRef = B54567D31D83A22F00C9109D /* MondrianTests.swift */; };
		B54567D61D83A22F00C9109D /* Mondrian.h in Headers */ = {isa = PBXBuildFile; fileRef = B54567C81D83A22F00C9109D /* Mondrian.h */; settings = {ATTRIBUTES = (Public, ); }; };
		B54ACB131D89D71D00E0B71E /* AppDelegate.swift in Sources */ = {isa = PBXBuildFile; fileRef = B54ACB121D89D71D00E0B71E /* AppDelegate.swift */; };
		B54ACB151D89D71D00E0B71E /* ViewController.swift in Sources */ = {isa = PBXBuildFile; fileRef = B54ACB141D89D71D00E0B71E /* ViewController.swift */; };
		B54ACB181D89D71D00E0B71E /* Main.storyboard in Resources */ = {isa = PBXBuildFile; fileRef = B54ACB161D89D71D00E0B71E /* Main.storyboard */; };
		B54ACB1A1D89D71D00E0B71E /* Assets.xcassets in Resources */ = {isa = PBXBuildFile; fileRef = B54ACB191D89D71D00E0B71E /* Assets.xcassets */; };
		B54ACB1D1D89D71D00E0B71E /* LaunchScreen.storyboard in Resources */ = {isa = PBXBuildFile; fileRef = B54ACB1B1D89D71D00E0B71E /* LaunchScreen.storyboard */; };
		B54ACB301D89DC4100E0B71E /* Mondrian.framework in Frameworks */ = {isa = PBXBuildFile; fileRef = B54567C51D83A22F00C9109D /* Mondrian.framework */; };
		B54ACB311D89DC4100E0B71E /* Mondrian.framework in Embed Frameworks */ = {isa = PBXBuildFile; fileRef = B54567C51D83A22F00C9109D /* Mondrian.framework */; settings = {ATTRIBUTES = (CodeSignOnCopy, RemoveHeadersOnCopy, ); }; };
		B556B42F1D88C11A001B6FE2 /* CGRect+Extensions.swift in Sources */ = {isa = PBXBuildFile; fileRef = B556B42E1D88C11A001B6FE2 /* CGRect+Extensions.swift */; };
		B57288A81F4E6A26007FA7DB /* MondrianError.swift in Sources */ = {isa = PBXBuildFile; fileRef = B57288A31F4E6A26007FA7DB /* MondrianError.swift */; };
		B57288A91F4E6A26007FA7DB /* Tree.swift in Sources */ = {isa = PBXBuildFile; fileRef = B57288A41F4E6A26007FA7DB /* Tree.swift */; };
		B57288AA1F4E6A26007FA7DB /* Partitionable.swift in Sources */ = {isa = PBXBuildFile; fileRef = B57288A61F4E6A26007FA7DB /* Partitionable.swift */; };
		B57288AB1F4E6A26007FA7DB /* TreeRepresentable.swift in Sources */ = {isa = PBXBuildFile; fileRef = B57288A71F4E6A26007FA7DB /* TreeRepresentable.swift */; };
		B57288AE1F4E6A7F007FA7DB /* RectType.swift in Sources */ = {isa = PBXBuildFile; fileRef = B57288AD1F4E6A7F007FA7DB /* RectType.swift */; };
		B57288B01F4E6A99007FA7DB /* RectRepresentable.swift in Sources */ = {isa = PBXBuildFile; fileRef = B57288AF1F4E6A99007FA7DB /* RectRepresentable.swift */; };
		B57288B11F4E74FE007FA7DB /* RectType.swift in Sources */ = {isa = PBXBuildFile; fileRef = B57288AD1F4E6A7F007FA7DB /* RectType.swift */; };
		B57288B31F4E759E007FA7DB /* CoordinateType.swift in Sources */ = {isa = PBXBuildFile; fileRef = B57288B21F4E759E007FA7DB /* CoordinateType.swift */; };
		B5CE4CDD1F5A037F00CFA8AE /* CoordinateType.swift in Sources */ = {isa = PBXBuildFile; fileRef = B57288B21F4E759E007FA7DB /* CoordinateType.swift */; };
		B5CE4CDE1F5A039600CFA8AE /* RectRepresentable.swift in Sources */ = {isa = PBXBuildFile; fileRef = B57288AF1F4E6A99007FA7DB /* RectRepresentable.swift */; };
		B5CE4CE01F5A03C500CFA8AE /* Partitionable.swift in Sources */ = {isa = PBXBuildFile; fileRef = B57288A61F4E6A26007FA7DB /* Partitionable.swift */; };
		B5CE4CE21F5A03DA00CFA8AE /* Tree.swift in Sources */ = {isa = PBXBuildFile; fileRef = B57288A41F4E6A26007FA7DB /* Tree.swift */; };
		B5CE4CE31F5A03EA00CFA8AE /* MondrianError.swift in Sources */ = {isa = PBXBuildFile; fileRef = B57288A31F4E6A26007FA7DB /* MondrianError.swift */; };
		B5CE4CE41F5A288900CFA8AE /* TreeRepresentable.swift in Sources */ = {isa = PBXBuildFile; fileRef = B57288A71F4E6A26007FA7DB /* TreeRepresentable.swift */; };
/* End PBXBuildFile section */

/* Begin PBXContainerItemProxy section */
		B52B18B21F4BC7C7004FE56B /* PBXContainerItemProxy */ = {
			isa = PBXContainerItemProxy;
			containerPortal = B54567BC1D83A22F00C9109D /* Project object */;
			proxyType = 1;
			remoteGlobalIDString = B54ACB0F1D89D71D00E0B71E;
			remoteInfo = "Mondrian Example";
		};
		B54567D01D83A22F00C9109D /* PBXContainerItemProxy */ = {
			isa = PBXContainerItemProxy;
			containerPortal = B54567BC1D83A22F00C9109D /* Project object */;
			proxyType = 1;
			remoteGlobalIDString = B54567C41D83A22F00C9109D;
			remoteInfo = Mondrian;
		};
		B54ACB321D89DC4100E0B71E /* PBXContainerItemProxy */ = {
			isa = PBXContainerItemProxy;
			containerPortal = B54567BC1D83A22F00C9109D /* Project object */;
			proxyType = 1;
			remoteGlobalIDString = B54567C41D83A22F00C9109D;
			remoteInfo = Mondrian;
		};
/* End PBXContainerItemProxy section */

/* Begin PBXCopyFilesBuildPhase section */
		B54ACB341D89DC4100E0B71E /* Embed Frameworks */ = {
			isa = PBXCopyFilesBuildPhase;
			buildActionMask = 2147483647;
			dstPath = "";
			dstSubfolderSpec = 10;
			files = (
				B54ACB311D89DC4100E0B71E /* Mondrian.framework in Embed Frameworks */,
			);
			name = "Embed Frameworks";
			runOnlyForDeploymentPostprocessing = 0;
		};
/* End PBXCopyFilesBuildPhase section */

/* Begin PBXFileReference section */
		B52B18F81F4D255B004FE56B /* MondrianCLI.framework */ = {isa = PBXFileReference; explicitFileType = wrapper.framework; includeInIndex = 0; path = MondrianCLI.framework; sourceTree = BUILT_PRODUCTS_DIR; };
		B52B18FA1F4D255B004FE56B /* MondrianCLI.h */ = {isa = PBXFileReference; lastKnownFileType = sourcecode.c.h; path = MondrianCLI.h; sourceTree = "<group>"; };
		B52B18FB1F4D255B004FE56B /* Info.plist */ = {isa = PBXFileReference; lastKnownFileType = text.plist.xml; path = Info.plist; sourceTree = "<group>"; };
		B52B19041F4D26DE004FE56B /* README.md */ = {isa = PBXFileReference; fileEncoding = 4; lastKnownFileType = net.daringfireball.markdown; path = README.md; sourceTree = "<group>"; };
		B52B190A1F4D26DE004FE56B /* main.swift */ = {isa = PBXFileReference; fileEncoding = 4; lastKnownFileType = sourcecode.swift; path = main.swift; sourceTree = "<group>"; };
		B52B19171F4D285C004FE56B /* CLI.swift */ = {isa = PBXFileReference; lastKnownFileType = sourcecode.swift; path = CLI.swift; sourceTree = "<group>"; };
		B54567C51D83A22F00C9109D /* Mondrian.framework */ = {isa = PBXFileReference; explicitFileType = wrapper.framework; includeInIndex = 0; path = Mondrian.framework; sourceTree = BUILT_PRODUCTS_DIR; };
		B54567C81D83A22F00C9109D /* Mondrian.h */ = {isa = PBXFileReference; lastKnownFileType = sourcecode.c.h; path = Mondrian.h; sourceTree = "<group>"; };
		B54567C91D83A22F00C9109D /* Info.plist */ = {isa = PBXFileReference; lastKnownFileType = text.plist.xml; path = Info.plist; sourceTree = "<group>"; };
		B54567CE1D83A22F00C9109D /* MondrianTests.xctest */ = {isa = PBXFileReference; explicitFileType = wrapper.cfbundle; includeInIndex = 0; path = MondrianTests.xctest; sourceTree = BUILT_PRODUCTS_DIR; };
		B54567D31D83A22F00C9109D /* MondrianTests.swift */ = {isa = PBXFileReference; lastKnownFileType = sourcecode.swift; path = MondrianTests.swift; sourceTree = "<group>"; };
		B54567D51D83A22F00C9109D /* Info.plist */ = {isa = PBXFileReference; lastKnownFileType = text.plist.xml; path = Info.plist; sourceTree = "<group>"; };
		B54ACB101D89D71D00E0B71E /* Mondrian Example.app */ = {isa = PBXFileReference; explicitFileType = wrapper.application; includeInIndex = 0; path = "Mondrian Example.app"; sourceTree = BUILT_PRODUCTS_DIR; };
		B54ACB121D89D71D00E0B71E /* AppDelegate.swift */ = {isa = PBXFileReference; lastKnownFileType = sourcecode.swift; path = AppDelegate.swift; sourceTree = "<group>"; };
		B54ACB141D89D71D00E0B71E /* ViewController.swift */ = {isa = PBXFileReference; lastKnownFileType = sourcecode.swift; path = ViewController.swift; sourceTree = "<group>"; };
		B54ACB171D89D71D00E0B71E /* Base */ = {isa = PBXFileReference; lastKnownFileType = file.storyboard; name = Base; path = Base.lproj/Main.storyboard; sourceTree = "<group>"; };
		B54ACB191D89D71D00E0B71E /* Assets.xcassets */ = {isa = PBXFileReference; lastKnownFileType = folder.assetcatalog; path = Assets.xcassets; sourceTree = "<group>"; };
		B54ACB1C1D89D71D00E0B71E /* Base */ = {isa = PBXFileReference; lastKnownFileType = file.storyboard; name = Base; path = Base.lproj/LaunchScreen.storyboard; sourceTree = "<group>"; };
		B54ACB1E1D89D71D00E0B71E /* Info.plist */ = {isa = PBXFileReference; lastKnownFileType = text.plist.xml; path = Info.plist; sourceTree = "<group>"; };
		B556B42E1D88C11A001B6FE2 /* CGRect+Extensions.swift */ = {isa = PBXFileReference; fileEncoding = 4; lastKnownFileType = sourcecode.swift; path = "CGRect+Extensions.swift"; sourceTree = "<group>"; };
		B57288A31F4E6A26007FA7DB /* MondrianError.swift */ = {isa = PBXFileReference; fileEncoding = 4; lastKnownFileType = sourcecode.swift; path = MondrianError.swift; sourceTree = "<group>"; };
		B57288A41F4E6A26007FA7DB /* Tree.swift */ = {isa = PBXFileReference; fileEncoding = 4; lastKnownFileType = sourcecode.swift; path = Tree.swift; sourceTree = "<group>"; };
		B57288A61F4E6A26007FA7DB /* Partitionable.swift */ = {isa = PBXFileReference; fileEncoding = 4; lastKnownFileType = sourcecode.swift; path = Partitionable.swift; sourceTree = "<group>"; };
		B57288A71F4E6A26007FA7DB /* TreeRepresentable.swift */ = {isa = PBXFileReference; fileEncoding = 4; lastKnownFileType = sourcecode.swift; path = TreeRepresentable.swift; sourceTree = "<group>"; };
		B57288AD1F4E6A7F007FA7DB /* RectType.swift */ = {isa = PBXFileReference; fileEncoding = 4; lastKnownFileType = sourcecode.swift; path = RectType.swift; sourceTree = "<group>"; };
		B57288AF1F4E6A99007FA7DB /* RectRepresentable.swift */ = {isa = PBXFileReference; fileEncoding = 4; lastKnownFileType = sourcecode.swift; path = RectRepresentable.swift; sourceTree = "<group>"; };
		B57288B21F4E759E007FA7DB /* CoordinateType.swift */ = {isa = PBXFileReference; lastKnownFileType = sourcecode.swift; path = CoordinateType.swift; sourceTree = "<group>"; };
/* End PBXFileReference section */

/* Begin PBXFrameworksBuildPhase section */
		B52B18F41F4D255B004FE56B /* Frameworks */ = {
			isa = PBXFrameworksBuildPhase;
			buildActionMask = 2147483647;
			files = (
			);
			runOnlyForDeploymentPostprocessing = 0;
		};
		B54567C11D83A22F00C9109D /* Frameworks */ = {
			isa = PBXFrameworksBuildPhase;
			buildActionMask = 2147483647;
			files = (
			);
			runOnlyForDeploymentPostprocessing = 0;
		};
		B54567CB1D83A22F00C9109D /* Frameworks */ = {
			isa = PBXFrameworksBuildPhase;
			buildActionMask = 2147483647;
			files = (
				B54567CF1D83A22F00C9109D /* Mondrian.framework in Frameworks */,
			);
			runOnlyForDeploymentPostprocessing = 0;
		};
		B54ACB0D1D89D71D00E0B71E /* Frameworks */ = {
			isa = PBXFrameworksBuildPhase;
			buildActionMask = 2147483647;
			files = (
				B54ACB301D89DC4100E0B71E /* Mondrian.framework in Frameworks */,
			);
			runOnlyForDeploymentPostprocessing = 0;
		};
/* End PBXFrameworksBuildPhase section */

/* Begin PBXGroup section */
		B52567A51D88C89300ADF5E5 /* Extensions */ = {
			isa = PBXGroup;
			children = (
				B556B42E1D88C11A001B6FE2 /* CGRect+Extensions.swift */,
			);
			path = Extensions;
			sourceTree = "<group>";
		};
		B52B18F91F4D255B004FE56B /* MondrianCLI */ = {
			isa = PBXGroup;
			children = (
				B52B190A1F4D26DE004FE56B /* main.swift */,
				B52B19171F4D285C004FE56B /* CLI.swift */,
				B52B19041F4D26DE004FE56B /* README.md */,
				B52B19081F4D26DE004FE56B /* Tests */,
				B52B18FA1F4D255B004FE56B /* MondrianCLI.h */,
				B52B18FB1F4D255B004FE56B /* Info.plist */,
			);
			path = MondrianCLI;
			sourceTree = "<group>";
		};
		B52B19081F4D26DE004FE56B /* Tests */ = {
			isa = PBXGroup;
			children = (
			);
			path = Tests;
			sourceTree = "<group>";
		};
		B54567BB1D83A22F00C9109D = {
			isa = PBXGroup;
			children = (
				B54567C71D83A22F00C9109D /* Mondrian */,
				B54ACB111D89D71D00E0B71E /* Mondrian Example */,
				B54567D21D83A22F00C9109D /* MondrianTests */,
				B52B18F91F4D255B004FE56B /* MondrianCLI */,
				B54567C61D83A22F00C9109D /* Products */,
			);
			sourceTree = "<group>";
		};
		B54567C61D83A22F00C9109D /* Products */ = {
			isa = PBXGroup;
			children = (
				B54567C51D83A22F00C9109D /* Mondrian.framework */,
				B54567CE1D83A22F00C9109D /* MondrianTests.xctest */,
				B54ACB101D89D71D00E0B71E /* Mondrian Example.app */,
				B52B18F81F4D255B004FE56B /* MondrianCLI.framework */,
			);
			name = Products;
			sourceTree = "<group>";
		};
		B54567C71D83A22F00C9109D /* Mondrian */ = {
			isa = PBXGroup;
			children = (
				B57288AC1F4E6A7F007FA7DB /* Structs */,
				B57288A21F4E6A26007FA7DB /* Enums */,
				B57288A51F4E6A26007FA7DB /* Protocols */,
				B52567A51D88C89300ADF5E5 /* Extensions */,
				B54567C91D83A22F00C9109D /* Info.plist */,
				B54567C81D83A22F00C9109D /* Mondrian.h */,
			);
			path = Mondrian;
			sourceTree = "<group>";
		};
		B54567D21D83A22F00C9109D /* MondrianTests */ = {
			isa = PBXGroup;
			children = (
				B54567D51D83A22F00C9109D /* Info.plist */,
				B54567D31D83A22F00C9109D /* MondrianTests.swift */,
			);
			path = MondrianTests;
			sourceTree = "<group>";
		};
		B54ACB111D89D71D00E0B71E /* Mondrian Example */ = {
			isa = PBXGroup;
			children = (
				B54ACB121D89D71D00E0B71E /* AppDelegate.swift */,
				B54ACB191D89D71D00E0B71E /* Assets.xcassets */,
				B54ACB1E1D89D71D00E0B71E /* Info.plist */,
				B54ACB1B1D89D71D00E0B71E /* LaunchScreen.storyboard */,
				B54ACB161D89D71D00E0B71E /* Main.storyboard */,
				B54ACB141D89D71D00E0B71E /* ViewController.swift */,
			);
			path = "Mondrian Example";
			sourceTree = "<group>";
		};
		B57288A21F4E6A26007FA7DB /* Enums */ = {
			isa = PBXGroup;
			children = (
				B57288A31F4E6A26007FA7DB /* MondrianError.swift */,
				B57288A41F4E6A26007FA7DB /* Tree.swift */,
			);
			name = Enums;
			path = MondrianCLI/Sources/Enums;
			sourceTree = SOURCE_ROOT;
		};
		B57288A51F4E6A26007FA7DB /* Protocols */ = {
			isa = PBXGroup;
			children = (
				B57288AF1F4E6A99007FA7DB /* RectRepresentable.swift */,
				B57288A61F4E6A26007FA7DB /* Partitionable.swift */,
				B57288A71F4E6A26007FA7DB /* TreeRepresentable.swift */,
			);
			name = Protocols;
			path = MondrianCLI/Sources/Protocols;
			sourceTree = SOURCE_ROOT;
		};
		B57288AC1F4E6A7F007FA7DB /* Structs */ = {
			isa = PBXGroup;
			children = (
				B57288AD1F4E6A7F007FA7DB /* RectType.swift */,
				B57288B21F4E759E007FA7DB /* CoordinateType.swift */,
			);
			name = Structs;
			path = MondrianCLI/Sources/Structs;
			sourceTree = SOURCE_ROOT;
		};
/* End PBXGroup section */

/* Begin PBXHeadersBuildPhase section */
		B52B18F51F4D255B004FE56B /* Headers */ = {
			isa = PBXHeadersBuildPhase;
			buildActionMask = 2147483647;
			files = (
				B52B18FC1F4D255B004FE56B /* MondrianCLI.h in Headers */,
			);
			runOnlyForDeploymentPostprocessing = 0;
		};
		B54567C21D83A22F00C9109D /* Headers */ = {
			isa = PBXHeadersBuildPhase;
			buildActionMask = 2147483647;
			files = (
				B54567D61D83A22F00C9109D /* Mondrian.h in Headers */,
			);
			runOnlyForDeploymentPostprocessing = 0;
		};
/* End PBXHeadersBuildPhase section */

/* Begin PBXNativeTarget section */
		B52B18F71F4D255B004FE56B /* MondrianCLI */ = {
			isa = PBXNativeTarget;
			buildConfigurationList = B52B18FF1F4D255B004FE56B /* Build configuration list for PBXNativeTarget "MondrianCLI" */;
			buildPhases = (
				B52B18F31F4D255B004FE56B /* Sources */,
				B52B18F41F4D255B004FE56B /* Frameworks */,
				B52B18F51F4D255B004FE56B /* Headers */,
				B52B18F61F4D255B004FE56B /* Resources */,
			);
			buildRules = (
			);
			dependencies = (
			);
			name = MondrianCLI;
			productName = MondrianCLI;
			productReference = B52B18F81F4D255B004FE56B /* MondrianCLI.framework */;
			productType = "com.apple.product-type.framework";
		};
		B54567C41D83A22F00C9109D /* Mondrian */ = {
			isa = PBXNativeTarget;
			buildConfigurationList = B54567D91D83A22F00C9109D /* Build configuration list for PBXNativeTarget "Mondrian" */;
			buildPhases = (
				B54567C01D83A22F00C9109D /* Sources */,
				B54567C11D83A22F00C9109D /* Frameworks */,
				B54567C21D83A22F00C9109D /* Headers */,
				B54567C31D83A22F00C9109D /* Resources */,
			);
			buildRules = (
			);
			dependencies = (
			);
			name = Mondrian;
			productName = Mondrian;
			productReference = B54567C51D83A22F00C9109D /* Mondrian.framework */;
			productType = "com.apple.product-type.framework";
		};
		B54567CD1D83A22F00C9109D /* MondrianTests */ = {
			isa = PBXNativeTarget;
			buildConfigurationList = B54567DC1D83A22F00C9109D /* Build configuration list for PBXNativeTarget "MondrianTests" */;
			buildPhases = (
				B54567CA1D83A22F00C9109D /* Sources */,
				B54567CB1D83A22F00C9109D /* Frameworks */,
				B54567CC1D83A22F00C9109D /* Resources */,
			);
			buildRules = (
			);
			dependencies = (
				B54567D11D83A22F00C9109D /* PBXTargetDependency */,
				B52B18B31F4BC7C7004FE56B /* PBXTargetDependency */,
			);
			name = MondrianTests;
			productName = MondrianTests;
			productReference = B54567CE1D83A22F00C9109D /* MondrianTests.xctest */;
			productType = "com.apple.product-type.bundle.unit-test";
		};
		B54ACB0F1D89D71D00E0B71E /* Mondrian Example */ = {
			isa = PBXNativeTarget;
			buildConfigurationList = B54ACB2E1D89D71E00E0B71E /* Build configuration list for PBXNativeTarget "Mondrian Example" */;
			buildPhases = (
				B54ACB0C1D89D71D00E0B71E /* Sources */,
				B54ACB0D1D89D71D00E0B71E /* Frameworks */,
				B54ACB0E1D89D71D00E0B71E /* Resources */,
				B54ACB341D89DC4100E0B71E /* Embed Frameworks */,
			);
			buildRules = (
			);
			dependencies = (
				B54ACB331D89DC4100E0B71E /* PBXTargetDependency */,
			);
			name = "Mondrian Example";
			productName = "Mondrian Example";
			productReference = B54ACB101D89D71D00E0B71E /* Mondrian Example.app */;
			productType = "com.apple.product-type.application";
		};
/* End PBXNativeTarget section */

/* Begin PBXProject section */
		B54567BC1D83A22F00C9109D /* Project object */ = {
			isa = PBXProject;
			attributes = {
				LastSwiftUpdateCheck = 0800;
				LastUpgradeCheck = 0900;
				ORGANIZATIONNAME = "Nice Things";
				TargetAttributes = {
					B52B18F71F4D255B004FE56B = {
						CreatedOnToolsVersion = 9.0;
						DevelopmentTeam = 8LHVT7DW44;
					};
					B54567C41D83A22F00C9109D = {
						CreatedOnToolsVersion = 8.0;
						DevelopmentTeam = 8LHVT7DW44;
						LastSwiftMigration = 0900;
						ProvisioningStyle = Automatic;
					};
					B54567CD1D83A22F00C9109D = {
						CreatedOnToolsVersion = 8.0;
						DevelopmentTeam = 8LHVT7DW44;
						LastSwiftMigration = 0900;
						ProvisioningStyle = Automatic;
						TestTargetID = B54ACB0F1D89D71D00E0B71E;
					};
					B54ACB0F1D89D71D00E0B71E = {
						CreatedOnToolsVersion = 8.0;
						DevelopmentTeam = 8LHVT7DW44;
						LastSwiftMigration = 0900;
						ProvisioningStyle = Automatic;
					};
				};
			};
			buildConfigurationList = B54567BF1D83A22F00C9109D /* Build configuration list for PBXProject "Mondrian" */;
			compatibilityVersion = "Xcode 3.2";
			developmentRegion = English;
			hasScannedForEncodings = 0;
			knownRegions = (
				en,
				Base,
			);
			mainGroup = B54567BB1D83A22F00C9109D;
			productRefGroup = B54567C61D83A22F00C9109D /* Products */;
			projectDirPath = "";
			projectRoot = "";
			targets = (
				B54567C41D83A22F00C9109D /* Mondrian */,
				B52B18F71F4D255B004FE56B /* MondrianCLI */,
				B54567CD1D83A22F00C9109D /* MondrianTests */,
				B54ACB0F1D89D71D00E0B71E /* Mondrian Example */,
			);
		};
/* End PBXProject section */

/* Begin PBXResourcesBuildPhase section */
		B52B18F61F4D255B004FE56B /* Resources */ = {
			isa = PBXResourcesBuildPhase;
			buildActionMask = 2147483647;
			files = (
				B52B190B1F4D26DE004FE56B /* README.md in Resources */,
			);
			runOnlyForDeploymentPostprocessing = 0;
		};
		B54567C31D83A22F00C9109D /* Resources */ = {
			isa = PBXResourcesBuildPhase;
			buildActionMask = 2147483647;
			files = (
			);
			runOnlyForDeploymentPostprocessing = 0;
		};
		B54567CC1D83A22F00C9109D /* Resources */ = {
			isa = PBXResourcesBuildPhase;
			buildActionMask = 2147483647;
			files = (
			);
			runOnlyForDeploymentPostprocessing = 0;
		};
		B54ACB0E1D89D71D00E0B71E /* Resources */ = {
			isa = PBXResourcesBuildPhase;
			buildActionMask = 2147483647;
			files = (
				B54ACB1D1D89D71D00E0B71E /* LaunchScreen.storyboard in Resources */,
				B54ACB1A1D89D71D00E0B71E /* Assets.xcassets in Resources */,
				B54ACB181D89D71D00E0B71E /* Main.storyboard in Resources */,
			);
			runOnlyForDeploymentPostprocessing = 0;
		};
/* End PBXResourcesBuildPhase section */

/* Begin PBXSourcesBuildPhase section */
		B52B18F31F4D255B004FE56B /* Sources */ = {
			isa = PBXSourcesBuildPhase;
			buildActionMask = 2147483647;
			files = (
				B57288B11F4E74FE007FA7DB /* RectType.swift in Sources */,
				B5CE4CE31F5A03EA00CFA8AE /* MondrianError.swift in Sources */,
				B5CE4CDD1F5A037F00CFA8AE /* CoordinateType.swift in Sources */,
				B5CE4CDE1F5A039600CFA8AE /* RectRepresentable.swift in Sources */,
				B52B190E1F4D26DE004FE56B /* main.swift in Sources */,
				B5CE4CE21F5A03DA00CFA8AE /* Tree.swift in Sources */,
				B5CE4CE41F5A288900CFA8AE /* TreeRepresentable.swift in Sources */,
				B5CE4CE01F5A03C500CFA8AE /* Partitionable.swift in Sources */,
				B52B19181F4D285C004FE56B /* CLI.swift in Sources */,
			);
			runOnlyForDeploymentPostprocessing = 0;
		};
		B54567C01D83A22F00C9109D /* Sources */ = {
			isa = PBXSourcesBuildPhase;
			buildActionMask = 2147483647;
			files = (
				B57288AA1F4E6A26007FA7DB /* Partitionable.swift in Sources */,
				B57288B31F4E759E007FA7DB /* CoordinateType.swift in Sources */,
				B57288B01F4E6A99007FA7DB /* RectRepresentable.swift in Sources */,
				B57288AB1F4E6A26007FA7DB /* TreeRepresentable.swift in Sources */,
				B57288A91F4E6A26007FA7DB /* Tree.swift in Sources */,
				B57288AE1F4E6A7F007FA7DB /* RectType.swift in Sources */,
				B57288A81F4E6A26007FA7DB /* MondrianError.swift in Sources */,
				B556B42F1D88C11A001B6FE2 /* CGRect+Extensions.swift in Sources */,
			);
			runOnlyForDeploymentPostprocessing = 0;
		};
		B54567CA1D83A22F00C9109D /* Sources */ = {
			isa = PBXSourcesBuildPhase;
			buildActionMask = 2147483647;
			files = (
				B54567D41D83A22F00C9109D /* MondrianTests.swift in Sources */,
			);
			runOnlyForDeploymentPostprocessing = 0;
		};
		B54ACB0C1D89D71D00E0B71E /* Sources */ = {
			isa = PBXSourcesBuildPhase;
			buildActionMask = 2147483647;
			files = (
				B54ACB151D89D71D00E0B71E /* ViewController.swift in Sources */,
				B54ACB131D89D71D00E0B71E /* AppDelegate.swift in Sources */,
			);
			runOnlyForDeploymentPostprocessing = 0;
		};
/* End PBXSourcesBuildPhase section */

/* Begin PBXTargetDependency section */
		B52B18B31F4BC7C7004FE56B /* PBXTargetDependency */ = {
			isa = PBXTargetDependency;
			target = B54ACB0F1D89D71D00E0B71E /* Mondrian Example */;
			targetProxy = B52B18B21F4BC7C7004FE56B /* PBXContainerItemProxy */;
		};
		B54567D11D83A22F00C9109D /* PBXTargetDependency */ = {
			isa = PBXTargetDependency;
			target = B54567C41D83A22F00C9109D /* Mondrian */;
			targetProxy = B54567D01D83A22F00C9109D /* PBXContainerItemProxy */;
		};
		B54ACB331D89DC4100E0B71E /* PBXTargetDependency */ = {
			isa = PBXTargetDependency;
			target = B54567C41D83A22F00C9109D /* Mondrian */;
			targetProxy = B54ACB321D89DC4100E0B71E /* PBXContainerItemProxy */;
		};
/* End PBXTargetDependency section */

/* Begin PBXVariantGroup section */
		B54ACB161D89D71D00E0B71E /* Main.storyboard */ = {
			isa = PBXVariantGroup;
			children = (
				B54ACB171D89D71D00E0B71E /* Base */,
			);
			name = Main.storyboard;
			path = .;
			sourceTree = "<group>";
		};
		B54ACB1B1D89D71D00E0B71E /* LaunchScreen.storyboard */ = {
			isa = PBXVariantGroup;
			children = (
				B54ACB1C1D89D71D00E0B71E /* Base */,
			);
			name = LaunchScreen.storyboard;
			path = .;
			sourceTree = "<group>";
		};
/* End PBXVariantGroup section */

/* Begin XCBuildConfiguration section */
		B52B18FD1F4D255B004FE56B /* Debug */ = {
			isa = XCBuildConfiguration;
			buildSettings = {
				CLANG_ANALYZER_NUMBER_OBJECT_CONVERSION = YES_AGGRESSIVE;
				CLANG_CXX_LANGUAGE_STANDARD = "gnu++14";
				CLANG_WARN_UNGUARDED_AVAILABILITY = YES_AGGRESSIVE;
				CODE_SIGN_IDENTITY = "iPhone Developer";
				DEFINES_MODULE = YES;
				DEVELOPMENT_TEAM = 8LHVT7DW44;
				DYLIB_COMPATIBILITY_VERSION = 1;
				DYLIB_CURRENT_VERSION = 1;
				DYLIB_INSTALL_NAME_BASE = "@rpath";
				GCC_C_LANGUAGE_STANDARD = gnu11;
				INFOPLIST_FILE = MondrianCLI/Info.plist;
				INSTALL_PATH = "$(LOCAL_LIBRARY_DIR)/Frameworks";
				IPHONEOS_DEPLOYMENT_TARGET = 11.0;
				LD_RUNPATH_SEARCH_PATHS = "$(inherited) @executable_path/Frameworks @loader_path/Frameworks";
				PRODUCT_BUNDLE_IDENTIFIER = com.nicethings.MondrianCLI;
				PRODUCT_NAME = "$(TARGET_NAME:c99extidentifier)";
				SKIP_INSTALL = YES;
				SWIFT_VERSION = 4.0;
				TARGETED_DEVICE_FAMILY = "1,2";
			};
			name = Debug;
		};
		B52B18FE1F4D255B004FE56B /* Release */ = {
			isa = XCBuildConfiguration;
			buildSettings = {
				CLANG_ANALYZER_NUMBER_OBJECT_CONVERSION = YES_AGGRESSIVE;
				CLANG_CXX_LANGUAGE_STANDARD = "gnu++14";
				CLANG_WARN_UNGUARDED_AVAILABILITY = YES_AGGRESSIVE;
				CODE_SIGN_IDENTITY = "iPhone Developer";
				DEFINES_MODULE = YES;
				DEVELOPMENT_TEAM = 8LHVT7DW44;
				DYLIB_COMPATIBILITY_VERSION = 1;
				DYLIB_CURRENT_VERSION = 1;
				DYLIB_INSTALL_NAME_BASE = "@rpath";
				GCC_C_LANGUAGE_STANDARD = gnu11;
				INFOPLIST_FILE = MondrianCLI/Info.plist;
				INSTALL_PATH = "$(LOCAL_LIBRARY_DIR)/Frameworks";
				IPHONEOS_DEPLOYMENT_TARGET = 11.0;
				LD_RUNPATH_SEARCH_PATHS = "$(inherited) @executable_path/Frameworks @loader_path/Frameworks";
				PRODUCT_BUNDLE_IDENTIFIER = com.nicethings.MondrianCLI;
				PRODUCT_NAME = "$(TARGET_NAME:c99extidentifier)";
				SKIP_INSTALL = YES;
				SWIFT_VERSION = 4.0;
				TARGETED_DEVICE_FAMILY = "1,2";
			};
			name = Release;
		};
		B54567D71D83A22F00C9109D /* Debug */ = {
			isa = XCBuildConfiguration;
			buildSettings = {
				ALWAYS_SEARCH_USER_PATHS = NO;
				CLANG_ANALYZER_NONNULL = YES;
				CLANG_CXX_LANGUAGE_STANDARD = "gnu++0x";
				CLANG_CXX_LIBRARY = "libc++";
				CLANG_ENABLE_MODULES = YES;
				CLANG_ENABLE_OBJC_ARC = YES;
				CLANG_WARN_BLOCK_CAPTURE_AUTORELEASING = YES;
				CLANG_WARN_BOOL_CONVERSION = YES;
				CLANG_WARN_COMMA = YES;
				CLANG_WARN_CONSTANT_CONVERSION = YES;
				CLANG_WARN_DIRECT_OBJC_ISA_USAGE = YES_ERROR;
				CLANG_WARN_DOCUMENTATION_COMMENTS = YES;
				CLANG_WARN_EMPTY_BODY = YES;
				CLANG_WARN_ENUM_CONVERSION = YES;
				CLANG_WARN_INFINITE_RECURSION = YES;
				CLANG_WARN_INT_CONVERSION = YES;
				CLANG_WARN_NON_LITERAL_NULL_CONVERSION = YES;
				CLANG_WARN_OBJC_LITERAL_CONVERSION = YES;
				CLANG_WARN_OBJC_ROOT_CLASS = YES_ERROR;
				CLANG_WARN_RANGE_LOOP_ANALYSIS = YES;
				CLANG_WARN_STRICT_PROTOTYPES = YES;
				CLANG_WARN_SUSPICIOUS_MOVE = YES;
				CLANG_WARN_SUSPICIOUS_MOVES = YES;
				CLANG_WARN_UNREACHABLE_CODE = YES;
				CLANG_WARN__DUPLICATE_METHOD_MATCH = YES;
				"CODE_SIGN_IDENTITY[sdk=iphoneos*]" = "iPhone Developer";
				COPY_PHASE_STRIP = NO;
				CURRENT_PROJECT_VERSION = 1;
				DEBUG_INFORMATION_FORMAT = dwarf;
				ENABLE_STRICT_OBJC_MSGSEND = YES;
				ENABLE_TESTABILITY = YES;
				GCC_C_LANGUAGE_STANDARD = gnu99;
				GCC_DYNAMIC_NO_PIC = NO;
				GCC_NO_COMMON_BLOCKS = YES;
				GCC_OPTIMIZATION_LEVEL = 0;
				GCC_PREPROCESSOR_DEFINITIONS = (
					"DEBUG=1",
					"$(inherited)",
				);
				GCC_WARN_64_TO_32_BIT_CONVERSION = YES;
				GCC_WARN_ABOUT_RETURN_TYPE = YES_ERROR;
				GCC_WARN_UNDECLARED_SELECTOR = YES;
				GCC_WARN_UNINITIALIZED_AUTOS = YES_AGGRESSIVE;
				GCC_WARN_UNUSED_FUNCTION = YES;
				GCC_WARN_UNUSED_VARIABLE = YES;
				IPHONEOS_DEPLOYMENT_TARGET = 9.0;
				MTL_ENABLE_DEBUG_INFO = YES;
				ONLY_ACTIVE_ARCH = YES;
				SDKROOT = iphoneos;
				SWIFT_ACTIVE_COMPILATION_CONDITIONS = DEBUG;
				SWIFT_OPTIMIZATION_LEVEL = "-Onone";
				SWIFT_SWIFT3_OBJC_INFERENCE = Off;
				TARGETED_DEVICE_FAMILY = "1,2";
				VERSIONING_SYSTEM = "apple-generic";
				VERSION_INFO_PREFIX = "";
			};
			name = Debug;
		};
		B54567D81D83A22F00C9109D /* Release */ = {
			isa = XCBuildConfiguration;
			buildSettings = {
				ALWAYS_SEARCH_USER_PATHS = NO;
				CLANG_ANALYZER_NONNULL = YES;
				CLANG_CXX_LANGUAGE_STANDARD = "gnu++0x";
				CLANG_CXX_LIBRARY = "libc++";
				CLANG_ENABLE_MODULES = YES;
				CLANG_ENABLE_OBJC_ARC = YES;
				CLANG_WARN_BLOCK_CAPTURE_AUTORELEASING = YES;
				CLANG_WARN_BOOL_CONVERSION = YES;
				CLANG_WARN_COMMA = YES;
				CLANG_WARN_CONSTANT_CONVERSION = YES;
				CLANG_WARN_DIRECT_OBJC_ISA_USAGE = YES_ERROR;
				CLANG_WARN_DOCUMENTATION_COMMENTS = YES;
				CLANG_WARN_EMPTY_BODY = YES;
				CLANG_WARN_ENUM_CONVERSION = YES;
				CLANG_WARN_INFINITE_RECURSION = YES;
				CLANG_WARN_INT_CONVERSION = YES;
				CLANG_WARN_NON_LITERAL_NULL_CONVERSION = YES;
				CLANG_WARN_OBJC_LITERAL_CONVERSION = YES;
				CLANG_WARN_OBJC_ROOT_CLASS = YES_ERROR;
				CLANG_WARN_RANGE_LOOP_ANALYSIS = YES;
				CLANG_WARN_STRICT_PROTOTYPES = YES;
				CLANG_WARN_SUSPICIOUS_MOVE = YES;
				CLANG_WARN_SUSPICIOUS_MOVES = YES;
				CLANG_WARN_UNREACHABLE_CODE = YES;
				CLANG_WARN__DUPLICATE_METHOD_MATCH = YES;
				"CODE_SIGN_IDENTITY[sdk=iphoneos*]" = "iPhone Developer";
				COPY_PHASE_STRIP = NO;
				CURRENT_PROJECT_VERSION = 1;
				DEBUG_INFORMATION_FORMAT = "dwarf-with-dsym";
				ENABLE_NS_ASSERTIONS = NO;
				ENABLE_STRICT_OBJC_MSGSEND = YES;
				GCC_C_LANGUAGE_STANDARD = gnu99;
				GCC_NO_COMMON_BLOCKS = YES;
				GCC_WARN_64_TO_32_BIT_CONVERSION = YES;
				GCC_WARN_ABOUT_RETURN_TYPE = YES_ERROR;
				GCC_WARN_UNDECLARED_SELECTOR = YES;
				GCC_WARN_UNINITIALIZED_AUTOS = YES_AGGRESSIVE;
				GCC_WARN_UNUSED_FUNCTION = YES;
				GCC_WARN_UNUSED_VARIABLE = YES;
				IPHONEOS_DEPLOYMENT_TARGET = 9.0;
				MTL_ENABLE_DEBUG_INFO = NO;
				SDKROOT = iphoneos;
				SWIFT_OPTIMIZATION_LEVEL = "-Owholemodule";
				SWIFT_SWIFT3_OBJC_INFERENCE = Off;
				TARGETED_DEVICE_FAMILY = "1,2";
				VALIDATE_PRODUCT = YES;
				VERSIONING_SYSTEM = "apple-generic";
				VERSION_INFO_PREFIX = "";
			};
			name = Release;
		};
		B54567DA1D83A22F00C9109D /* Debug */ = {
			isa = XCBuildConfiguration;
			buildSettings = {
				CLANG_ENABLE_MODULES = YES;
				CODE_SIGN_IDENTITY = "";
				DEFINES_MODULE = YES;
				DEVELOPMENT_TEAM = 8LHVT7DW44;
				DYLIB_COMPATIBILITY_VERSION = 1;
				DYLIB_CURRENT_VERSION = 1;
				DYLIB_INSTALL_NAME_BASE = "@rpath";
				INFOPLIST_FILE = Mondrian/Info.plist;
				INSTALL_PATH = "$(LOCAL_LIBRARY_DIR)/Frameworks";
				IPHONEOS_DEPLOYMENT_TARGET = 9.0;
				LD_RUNPATH_SEARCH_PATHS = "$(inherited) @executable_path/Frameworks @loader_path/Frameworks";
				PRODUCT_BUNDLE_IDENTIFIER = com.nicethings.Mondrian;
				PRODUCT_NAME = "$(TARGET_NAME)";
				SKIP_INSTALL = YES;
				SWIFT_OPTIMIZATION_LEVEL = "-Onone";
				SWIFT_SWIFT3_OBJC_INFERENCE = Off;
				SWIFT_VERSION = 4.0;
				TARGETED_DEVICE_FAMILY = "1,2";
			};
			name = Debug;
		};
		B54567DB1D83A22F00C9109D /* Release */ = {
			isa = XCBuildConfiguration;
			buildSettings = {
				CLANG_ENABLE_MODULES = YES;
				CODE_SIGN_IDENTITY = "";
				DEFINES_MODULE = YES;
				DEVELOPMENT_TEAM = 8LHVT7DW44;
				DYLIB_COMPATIBILITY_VERSION = 1;
				DYLIB_CURRENT_VERSION = 1;
				DYLIB_INSTALL_NAME_BASE = "@rpath";
				INFOPLIST_FILE = Mondrian/Info.plist;
				INSTALL_PATH = "$(LOCAL_LIBRARY_DIR)/Frameworks";
				IPHONEOS_DEPLOYMENT_TARGET = 9.0;
				LD_RUNPATH_SEARCH_PATHS = "$(inherited) @executable_path/Frameworks @loader_path/Frameworks";
				PRODUCT_BUNDLE_IDENTIFIER = com.nicethings.Mondrian;
				PRODUCT_NAME = "$(TARGET_NAME)";
				SKIP_INSTALL = YES;
				SWIFT_SWIFT3_OBJC_INFERENCE = Off;
				SWIFT_VERSION = 4.0;
				TARGETED_DEVICE_FAMILY = "1,2";
			};
			name = Release;
		};
		B54567DD1D83A22F00C9109D /* Debug */ = {
			isa = XCBuildConfiguration;
			buildSettings = {
				ALWAYS_EMBED_SWIFT_STANDARD_LIBRARIES = YES;
				BUNDLE_LOADER = "$(TEST_HOST)";
				DEVELOPMENT_TEAM = 8LHVT7DW44;
				INFOPLIST_FILE = MondrianTests/Info.plist;
				LD_RUNPATH_SEARCH_PATHS = "$(inherited) @executable_path/Frameworks @loader_path/Frameworks";
				PRODUCT_BUNDLE_IDENTIFIER = com.nicethings.MondrianTests;
				PRODUCT_NAME = "$(TARGET_NAME)";
				SWIFT_SWIFT3_OBJC_INFERENCE = Off;
				SWIFT_VERSION = 4.0;
				TEST_HOST = "$(BUILT_PRODUCTS_DIR)/Mondrian Example.app/Mondrian Example";
			};
			name = Debug;
		};
		B54567DE1D83A22F00C9109D /* Release */ = {
			isa = XCBuildConfiguration;
			buildSettings = {
				ALWAYS_EMBED_SWIFT_STANDARD_LIBRARIES = YES;
				BUNDLE_LOADER = "$(TEST_HOST)";
				DEVELOPMENT_TEAM = 8LHVT7DW44;
				INFOPLIST_FILE = MondrianTests/Info.plist;
				LD_RUNPATH_SEARCH_PATHS = "$(inherited) @executable_path/Frameworks @loader_path/Frameworks";
				PRODUCT_BUNDLE_IDENTIFIER = com.nicethings.MondrianTests;
				PRODUCT_NAME = "$(TARGET_NAME)";
				SWIFT_SWIFT3_OBJC_INFERENCE = Off;
				SWIFT_VERSION = 4.0;
				TEST_HOST = "$(BUILT_PRODUCTS_DIR)/Mondrian Example.app/Mondrian Example";
			};
			name = Release;
		};
		B54ACB2A1D89D71E00E0B71E /* Debug */ = {
			isa = XCBuildConfiguration;
			buildSettings = {
				ALWAYS_EMBED_SWIFT_STANDARD_LIBRARIES = YES;
				ASSETCATALOG_COMPILER_APPICON_NAME = AppIcon;
				DEVELOPMENT_TEAM = 8LHVT7DW44;
				INFOPLIST_FILE = "Mondrian Example/Info.plist";
				LD_RUNPATH_SEARCH_PATHS = "$(inherited) @executable_path/Frameworks";
				PRODUCT_BUNDLE_IDENTIFIER = "com.nicethings.Mondrian-Example";
				PRODUCT_NAME = "$(TARGET_NAME)";
				SWIFT_SWIFT3_OBJC_INFERENCE = Off;
				SWIFT_VERSION = 4.0;
			};
			name = Debug;
		};
		B54ACB2B1D89D71E00E0B71E /* Release */ = {
			isa = XCBuildConfiguration;
			buildSettings = {
				ALWAYS_EMBED_SWIFT_STANDARD_LIBRARIES = YES;
				ASSETCATALOG_COMPILER_APPICON_NAME = AppIcon;
				DEVELOPMENT_TEAM = 8LHVT7DW44;
				INFOPLIST_FILE = "Mondrian Example/Info.plist";
				LD_RUNPATH_SEARCH_PATHS = "$(inherited) @executable_path/Frameworks";
				PRODUCT_BUNDLE_IDENTIFIER = "com.nicethings.Mondrian-Example";
				PRODUCT_NAME = "$(TARGET_NAME)";
				SWIFT_SWIFT3_OBJC_INFERENCE = Off;
				SWIFT_VERSION = 4.0;
			};
			name = Release;
		};
/* End XCBuildConfiguration section */

/* Begin XCConfigurationList section */
		B52B18FF1F4D255B004FE56B /* Build configuration list for PBXNativeTarget "MondrianCLI" */ = {
			isa = XCConfigurationList;
			buildConfigurations = (
				B52B18FD1F4D255B004FE56B /* Debug */,
				B52B18FE1F4D255B004FE56B /* Release */,
			);
			defaultConfigurationIsVisible = 0;
			defaultConfigurationName = Release;
		};
		B54567BF1D83A22F00C9109D /* Build configuration list for PBXProject "Mondrian" */ = {
			isa = XCConfigurationList;
			buildConfigurations = (
				B54567D71D83A22F00C9109D /* Debug */,
				B54567D81D83A22F00C9109D /* Release */,
			);
			defaultConfigurationIsVisible = 0;
			defaultConfigurationName = Release;
		};
		B54567D91D83A22F00C9109D /* Build configuration list for PBXNativeTarget "Mondrian" */ = {
			isa = XCConfigurationList;
			buildConfigurations = (
				B54567DA1D83A22F00C9109D /* Debug */,
				B54567DB1D83A22F00C9109D /* Release */,
			);
			defaultConfigurationIsVisible = 0;
			defaultConfigurationName = Release;
		};
		B54567DC1D83A22F00C9109D /* Build configuration list for PBXNativeTarget "MondrianTests" */ = {
			isa = XCConfigurationList;
			buildConfigurations = (
				B54567DD1D83A22F00C9109D /* Debug */,
				B54567DE1D83A22F00C9109D /* Release */,
			);
			defaultConfigurationIsVisible = 0;
			defaultConfigurationName = Release;
		};
		B54ACB2E1D89D71E00E0B71E /* Build configuration list for PBXNativeTarget "Mondrian Example" */ = {
			isa = XCConfigurationList;
			buildConfigurations = (
				B54ACB2A1D89D71E00E0B71E /* Debug */,
				B54ACB2B1D89D71E00E0B71E /* Release */,
			);
			defaultConfigurationIsVisible = 0;
			defaultConfigurationName = Release;
		};
/* End XCConfigurationList section */
	};
	rootObject = B54567BC1D83A22F00C9109D /* Project object */;
}
